Microsoft Visual Studio Solution File, Format Version 11.00
# Visual Studio 2008

Project("{BE6558C0-BC69-FDE2-3872-C955439BE443}") = "2D turn based test", "Assembly-CSharp.csproj", "{5CB183CB-7375-0652-3A21-A50A75FBC9F7}"
EndProject
Global
	GlobalSection(SolutionConfigurationPlatforms) = preSolution
		Debug|Any CPU = Debug|Any CPU
		Release|Any CPU = Release|Any CPU
	EndGlobalSection
	GlobalSection(ProjectConfigurationPlatforms) = postSolution
		{5CB183CB-7375-0652-3A21-A50A75FBC9F7}.Debug|Any CPU.ActiveCfg = Debug|Any CPU
		{5CB183CB-7375-0652-3A21-A50A75FBC9F7}.Debug|Any CPU.Build.0 = Debug|Any CPU
		{5CB183CB-7375-0652-3A21-A50A75FBC9F7}.Release|Any CPU.ActiveCfg = Release|Any CPU
		{5CB183CB-7375-0652-3A21-A50A75FBC9F7}.Release|Any CPU.Build.0 = Release|Any CPU
	EndGlobalSection
	GlobalSection(SolutionProperties) = preSolution
		HideSolutionNode = FALSE
	EndGlobalSection
	GlobalSection(MonoDevelopProperties) = preSolution
		StartupItem = Assembly-CSharp.csproj
	EndGlobalSection
EndGlobal
